
Microsoft Visual Studio Solution File, Format Version 12.00
# Visual Studio Version 16
VisualStudioVersion = 16.0.30503.244
MinimumVisualStudioVersion = 10.0.40219.1
Project("{9A19103F-16F7-4668-BE54-9A1E7A4F7556}") = "IntroducingCS", "IntroducingCS\IntroducingCS.csproj", "{635338F6-67D7-4930-9F87-096E4DBD47EC}"
EndProject
Project("{9A19103F-16F7-4668-BE54-9A1E7A4F7556}") = "if_Statement", "if_Statement\if_Statement.csproj", "{490BEC9C-782A-4E55-9799-F893CD991645}"
EndProject
Project("{9A19103F-16F7-4668-BE54-9A1E7A4F7556}") = "ifelse_Statement", "ifelse_Statement\ifelse_Statement.csproj", "{1C9D7D99-2EE3-4D77-AC57-DDDA9B3F01E9}"
EndProject
Project("{9A19103F-16F7-4668-BE54-9A1E7A4F7556}") = "switch_Statement", "switch_Statement\switch_Statement.csproj", "{47318880-621A-461B-84D1-0EE5B5DE4447}"
EndProject
Project("{FAE04EC0-301F-11D3-BF4B-00C04F79EFBC}") = "while_Statement", "while_Statement\while_Statement.csproj", "{42D50AB9-F616-4484-8BFC-1B43BFE21154}"
EndProject
Project("{FAE04EC0-301F-11D3-BF4B-00C04F79EFBC}") = "dowhile_Statement", "dowhile_Statement\dowhile_Statement.csproj", "{0FC0068C-150F-4C19-BF80-1CE59C323D78}"
EndProject
Project("{FAE04EC0-301F-11D3-BF4B-00C04F79EFBC}") = "for_Statement", "for_Statement\for_Statement.csproj", "{1BCBDEDE-D030-4EDC-88FA-9105F579F0D9}"
EndProject
Project("{FAE04EC0-301F-11D3-BF4B-00C04F79EFBC}") = "foreach_Statement", "foreach_Statement\foreach_Statement.csproj", "{759E305C-2A59-4289-9849-16EF9904E18E}"
EndProject
Project("{FAE04EC0-301F-11D3-BF4B-00C04F79EFBC}") = "RecursiveFactorial", "RecursiveFactorial\RecursiveFactorial.csproj", "{0152DAEE-676F-482B-AD83-149F2405F5AE}"
EndProject
Global
	GlobalSection(SolutionConfigurationPlatforms) = preSolution
		Debug|Any CPU = Debug|Any CPU
		Release|Any CPU = Release|Any CPU
	EndGlobalSection
	GlobalSection(ProjectConfigurationPlatforms) = postSolution
		{635338F6-67D7-4930-9F87-096E4DBD47EC}.Debug|Any CPU.ActiveCfg = Debug|Any CPU
		{635338F6-67D7-4930-9F87-096E4DBD47EC}.Debug|Any CPU.Build.0 = Debug|Any CPU
		{635338F6-67D7-4930-9F87-096E4DBD47EC}.Release|Any CPU.ActiveCfg = Release|Any CPU
		{635338F6-67D7-4930-9F87-096E4DBD47EC}.Release|Any CPU.Build.0 = Release|Any CPU
		{490BEC9C-782A-4E55-9799-F893CD991645}.Debug|Any CPU.ActiveCfg = Debug|Any CPU
		{490BEC9C-782A-4E55-9799-F893CD991645}.Debug|Any CPU.Build.0 = Debug|Any CPU
		{490BEC9C-782A-4E55-9799-F893CD991645}.Release|Any CPU.ActiveCfg = Release|Any CPU
		{490BEC9C-782A-4E55-9799-F893CD991645}.Release|Any CPU.Build.0 = Release|Any CPU
		{1C9D7D99-2EE3-4D77-AC57-DDDA9B3F01E9}.Debug|Any CPU.ActiveCfg = Debug|Any CPU
		{1C9D7D99-2EE3-4D77-AC57-DDDA9B3F01E9}.Debug|Any CPU.Build.0 = Debug|Any CPU
		{1C9D7D99-2EE3-4D77-AC57-DDDA9B3F01E9}.Release|Any CPU.ActiveCfg = Release|Any CPU
		{1C9D7D99-2EE3-4D77-AC57-DDDA9B3F01E9}.Release|Any CPU.Build.0 = Release|Any CPU
		{47318880-621A-461B-84D1-0EE5B5DE4447}.Debug|Any CPU.ActiveCfg = Debug|Any CPU
		{47318880-621A-461B-84D1-0EE5B5DE4447}.Debug|Any CPU.Build.0 = Debug|Any CPU
		{47318880-621A-461B-84D1-0EE5B5DE4447}.Release|Any CPU.ActiveCfg = Release|Any CPU
		{47318880-621A-461B-84D1-0EE5B5DE4447}.Release|Any CPU.Build.0 = Release|Any CPU
		{42D50AB9-F616-4484-8BFC-1B43BFE21154}.Debug|Any CPU.ActiveCfg = Debug|Any CPU
		{42D50AB9-F616-4484-8BFC-1B43BFE21154}.Debug|Any CPU.Build.0 = Debug|Any CPU
		{42D50AB9-F616-4484-8BFC-1B43BFE21154}.Release|Any CPU.ActiveCfg = Release|Any CPU
		{42D50AB9-F616-4484-8BFC-1B43BFE21154}.Release|Any CPU.Build.0 = Release|Any CPU
		{0FC0068C-150F-4C19-BF80-1CE59C323D78}.Debug|Any CPU.ActiveCfg = Debug|Any CPU
		{0FC0068C-150F-4C19-BF80-1CE59C323D78}.Debug|Any CPU.Build.0 = Debug|Any CPU
		{0FC0068C-150F-4C19-BF80-1CE59C323D78}.Release|Any CPU.ActiveCfg = Release|Any CPU
		{0FC0068C-150F-4C19-BF80-1CE59C323D78}.Release|Any CPU.Build.0 = Release|Any CPU
		{1BCBDEDE-D030-4EDC-88FA-9105F579F0D9}.Debug|Any CPU.ActiveCfg = Debug|Any CPU
		{1BCBDEDE-D030-4EDC-88FA-9105F579F0D9}.Debug|Any CPU.Build.0 = Debug|Any CPU
		{1BCBDEDE-D030-4EDC-88FA-9105F579F0D9}.Release|Any CPU.ActiveCfg = Release|Any CPU
		{1BCBDEDE-D030-4EDC-88FA-9105F579F0D9}.Release|Any CPU.Build.0 = Release|Any CPU
		{759E305C-2A59-4289-9849-16EF9904E18E}.Debug|Any CPU.ActiveCfg = Debug|Any CPU
		{759E305C-2A59-4289-9849-16EF9904E18E}.Debug|Any CPU.Build.0 = Debug|Any CPU
		{759E305C-2A59-4289-9849-16EF9904E18E}.Release|Any CPU.ActiveCfg = Release|Any CPU
		{759E305C-2A59-4289-9849-16EF9904E18E}.Release|Any CPU.Build.0 = Release|Any CPU
		{0152DAEE-676F-482B-AD83-149F2405F5AE}.Debug|Any CPU.ActiveCfg = Debug|Any CPU
		{0152DAEE-676F-482B-AD83-149F2405F5AE}.Debug|Any CPU.Build.0 = Debug|Any CPU
		{0152DAEE-676F-482B-AD83-149F2405F5AE}.Release|Any CPU.ActiveCfg = Release|Any CPU
		{0152DAEE-676F-482B-AD83-149F2405F5AE}.Release|Any CPU.Build.0 = Release|Any CPU
	EndGlobalSection
	GlobalSection(SolutionProperties) = preSolution
		HideSolutionNode = FALSE
	EndGlobalSection
	GlobalSection(ExtensibilityGlobals) = postSolution
		SolutionGuid = {2D5B0DB3-AA99-4630-9C77-EBBD13A8F5FF}
	EndGlobalSection
EndGlobal
